<?xml version="1.0" encoding="utf-8"?>
<Project ToolsVersion="4.0" xmlns="http://schemas.microsoft.com/developer/msbuild/2003">
  <ItemGroup>
    <Filter Include="Resource Files">
      <UniqueIdentifier>{67DA6AB6-F800-4c08-8B7A-83BB121AAD01}</UniqueIdentifier>
      <Extensions>rc;ico;cur;bmp;dlg;rc2;rct;bin;rgs;gif;jpg;jpeg;jpe;resx;tiff;tif;png;wav;mfcribbon-ms</Extensions>
    </Filter>
    <Filter Include="Graphics">
      <UniqueIdentifier>{707877b9-e01e-4174-a83f-9b5a016dc961}</UniqueIdentifier>
    </Filter>
    <Filter Include="ThirdParty">
      <UniqueIdentifier>{9688cf8e-a190-4522-a751-751380037a76}</UniqueIdentifier>
    </Filter>
    <Filter Include="EOSEngine">
      <UniqueIdentifier>{9c7f9c93-694b-42c9-883b-d125a4a9bc00}</UniqueIdentifier>
    </Filter>
    <Filter Include="Actors">
      <UniqueIdentifier>{493b9174-ee0c-4033-9798-ff43132d90d3}</UniqueIdentifier>
    </Filter>
  </ItemGroup>
  <ItemGroup>
    <ClInclude Include="Include\EOS_Renderer.h">
      <Filter>Graphics</Filter>
    </ClInclude>
    <ClInclude Include="Include\EosEngine.h">
      <Filter>EOSEngine</Filter>
    </ClInclude>
    <ClInclude Include="Source\interfaces.h">
      <Filter>EOSEngine</Filter>
    </ClInclude>
    <ClInclude Include="Source\EosStd.h" />
    <ClInclude Include="Source\Actors\Actor.h">
      <Filter>Actors</Filter>
    </ClInclude>
    <ClInclude Include="Source\Actors\ActorComponent.h">
      <Filter>Actors</Filter>
    </ClInclude>
    <ClInclude Include="Source\Actors\RenderComponent.h">
      <Filter>Actors</Filter>
    </ClInclude>
    <ClInclude Include="Include\EOSLogger.h">
      <Filter>EOSEngine</Filter>
    </ClInclude>
  </ItemGroup>
  <ItemGroup>
    <ClCompile Include="Source\Graphics\EOS_Renderer.cpp">
      <Filter>Graphics</Filter>
    </ClCompile>
    <ClCompile Include="Source\EosEngine.cpp">
      <Filter>EOSEngine</Filter>
    </ClCompile>
    <ClCompile Include="Source\EosStd.cpp" />
    <ClCompile Include="ThirdParty\glew\src\glew.c">
      <Filter>ThirdParty</Filter>
    </ClCompile>
    <ClCompile Include="Source\Actors\Actor.cpp">
      <Filter>Actors</Filter>
    </ClCompile>
    <ClCompile Include="EOSLogger.cpp">
      <Filter>EOSEngine</Filter>
    </ClCompile>
  </ItemGroup>
</Project>